
Microsoft Visual Studio Solution File, Format Version 12.00
# Visual Studio Version 17
VisualStudioVersion = 17.7.34024.191
MinimumVisualStudioVersion = 10.0.40219.1
Project("{9A19103F-16F7-4668-BE54-9A1E7A4F7556}") = "Application", "Services\Application.csproj", "{45040DA9-E634-4818-B532-FBF532CE9B1B}"
EndProject
Project("{9A19103F-16F7-4668-BE54-9A1E7A4F7556}") = "Domain", "Domain\Domain.csproj", "{5C359DA3-146C-4B69-86AC-9809A66FFC6E}"
EndProject
Project("{9A19103F-16F7-4668-BE54-9A1E7A4F7556}") = "Infrastructure", "Infrastructure\Infrastructure.csproj", "{A9111EBE-4F36-454F-8C64-186ECDA96756}"
EndProject
Project("{9A19103F-16F7-4668-BE54-9A1E7A4F7556}") = "View", "View\View.csproj", "{97F53152-BE57-4F13-8E56-0FEA8BB6FEAA}"
EndProject
Global
	GlobalSection(SolutionConfigurationPlatforms) = preSolution
		Debug|Any CPU = Debug|Any CPU
		Release|Any CPU = Release|Any CPU
	EndGlobalSection
	GlobalSection(ProjectConfigurationPlatforms) = postSolution
		{45040DA9-E634-4818-B532-FBF532CE9B1B}.Debug|Any CPU.ActiveCfg = Debug|Any CPU
		{45040DA9-E634-4818-B532-FBF532CE9B1B}.Debug|Any CPU.Build.0 = Debug|Any CPU
		{45040DA9-E634-4818-B532-FBF532CE9B1B}.Release|Any CPU.ActiveCfg = Release|Any CPU
		{45040DA9-E634-4818-B532-FBF532CE9B1B}.Release|Any CPU.Build.0 = Release|Any CPU
		{5C359DA3-146C-4B69-86AC-9809A66FFC6E}.Debug|Any CPU.ActiveCfg = Debug|Any CPU
		{5C359DA3-146C-4B69-86AC-9809A66FFC6E}.Debug|Any CPU.Build.0 = Debug|Any CPU
		{5C359DA3-146C-4B69-86AC-9809A66FFC6E}.Release|Any CPU.ActiveCfg = Release|Any CPU
		{5C359DA3-146C-4B69-86AC-9809A66FFC6E}.Release|Any CPU.Build.0 = Release|Any CPU
		{A9111EBE-4F36-454F-8C64-186ECDA96756}.Debug|Any CPU.ActiveCfg = Debug|Any CPU
		{A9111EBE-4F36-454F-8C64-186ECDA96756}.Debug|Any CPU.Build.0 = Debug|Any CPU
		{A9111EBE-4F36-454F-8C64-186ECDA96756}.Release|Any CPU.ActiveCfg = Release|Any CPU
		{A9111EBE-4F36-454F-8C64-186ECDA96756}.Release|Any CPU.Build.0 = Release|Any CPU
		{97F53152-BE57-4F13-8E56-0FEA8BB6FEAA}.Debug|Any CPU.ActiveCfg = Debug|Any CPU
		{97F53152-BE57-4F13-8E56-0FEA8BB6FEAA}.Debug|Any CPU.Build.0 = Debug|Any CPU
		{97F53152-BE57-4F13-8E56-0FEA8BB6FEAA}.Release|Any CPU.ActiveCfg = Release|Any CPU
		{97F53152-BE57-4F13-8E56-0FEA8BB6FEAA}.Release|Any CPU.Build.0 = Release|Any CPU
	EndGlobalSection
	GlobalSection(SolutionProperties) = preSolution
		HideSolutionNode = FALSE
	EndGlobalSection
	GlobalSection(ExtensibilityGlobals) = postSolution
		SolutionGuid = {FFFA6477-CAED-4FDB-917E-2436D027A1CA}
	EndGlobalSection
EndGlobal
